
Microsoft Visual Studio Solution File, Format Version 12.00
# Visual Studio 15
VisualStudioVersion = 15.0.28010.2016
MinimumVisualStudioVersion = 10.0.40219.1
Project("{FAE04EC0-301F-11D3-BF4B-00C04F79EFBC}") = "FootballParser", "FootballParser\FootballParser.csproj", "{3C34E8DB-51CE-4854-B0C6-4DEB149C3CDA}"
EndProject
Global
	GlobalSection(SolutionConfigurationPlatforms) = preSolution
		Debug|Any CPU = Debug|Any CPU
		Release|Any CPU = Release|Any CPU
	EndGlobalSection
	GlobalSection(ProjectConfigurationPlatforms) = postSolution
		{3C34E8DB-51CE-4854-B0C6-4DEB149C3CDA}.Debug|Any CPU.ActiveCfg = Debug|Any CPU
		{3C34E8DB-51CE-4854-B0C6-4DEB149C3CDA}.Debug|Any CPU.Build.0 = Debug|Any CPU
		{3C34E8DB-51CE-4854-B0C6-4DEB149C3CDA}.Release|Any CPU.ActiveCfg = Release|Any CPU
		{3C34E8DB-51CE-4854-B0C6-4DEB149C3CDA}.Release|Any CPU.Build.0 = Release|Any CPU
	EndGlobalSection
	GlobalSection(SolutionProperties) = preSolution
		HideSolutionNode = FALSE
	EndGlobalSection
	GlobalSection(ExtensibilityGlobals) = postSolution
		SolutionGuid = {FE5D6612-B91A-4A3A-B22B-52FC267560DD}
	EndGlobalSection
EndGlobal
